Microsoft Visual Studio Solution File, Format Version 12.00
# Visual Studio Version 17
VisualStudioVersion = 17.0.31903.59
MinimumVisualStudioVersion = 10.0.40219.1
Project("{66A26720-8FB5-11D2-AA7E-00C04F688DDE}") = "src", "src", "{80B819AB-09D7-48C2-850E-9581D19D7809}"
EndProject
Project("{66A26720-8FB5-11D2-AA7E-00C04F688DDE}") = "tests", "tests", "{2375141B-CC0E-4312-857B-F68E2ED6E0E5}"
EndProject
Project("{FAE04EC0-301F-11D3-BF4B-00C04F79EFBC}") = "PowerLease.Domain", "src\PowerLease.Domain\PowerLease.Domain.csproj", "{A08FB6E3-9EC6-4BF1-BAE3-56A03D2F2471}"
EndProject
Project("{FAE04EC0-301F-11D3-BF4B-00C04F79EFBC}") = "PowerLease.Application", "src\PowerLease.Application\PowerLease.Application.csproj", "{07C3344B-BE55-4E8F-80E0-392DEB88C6DD}"
EndProject
Project("{FAE04EC0-301F-11D3-BF4B-00C04F79EFBC}") = "PowerLease.Persistence", "src\PowerLease.Persistence\PowerLease.Persistence.csproj", "{7B5A1E0A-136A-4305-9FC6-9E4F8F48B39B}"
EndProject
Project("{FAE04EC0-301F-11D3-BF4B-00C04F79EFBC}") = "PowerLease.Ipc.Contracts", "src\PowerLease.Ipc.Contracts\PowerLease.Ipc.Contracts.csproj", "{32A70E0B-1DD6-48AB-9DEB-7CF3E3F1AEAC}"
EndProject
Project("{FAE04EC0-301F-11D3-BF4B-00C04F79EFBC}") = "PowerLease.Cli", "src\PowerLease.Cli\PowerLease.Cli.csproj", "{D50BF5E4-E539-4840-8728-A1B88AF25C6A}"
EndProject
Project("{FAE04EC0-301F-11D3-BF4B-00C04F79EFBC}") = "PowerLease.Infrastructure.Windows", "src\PowerLease.Infrastructure.Windows\PowerLease.Infrastructure.Windows.csproj", "{CE8EB230-BFD0-486E-905C-E9BD1FBFD98E}"
EndProject
Project("{FAE04EC0-301F-11D3-BF4B-00C04F79EFBC}") = "PowerLease.Service", "src\PowerLease.Service\PowerLease.Service.csproj", "{0367F8D4-22FB-411B-A0A7-C46E677C3F3F}"
EndProject
Project("{FAE04EC0-301F-11D3-BF4B-00C04F79EFBC}") = "PowerLease.Domain.Tests", "tests\PowerLease.Domain.Tests\PowerLease.Domain.Tests.csproj", "{110E47E6-3F20-47C5-B1D1-4C787000411C}"
EndProject
Project("{FAE04EC0-301F-11D3-BF4B-00C04F79EFBC}") = "PowerLease.Application.Tests", "tests\PowerLease.Application.Tests\PowerLease.Application.Tests.csproj", "{B7C6457E-1ACB-445B-8276-C8DAC7444E10}"
EndProject
Project("{FAE04EC0-301F-11D3-BF4B-00C04F79EFBC}") = "PowerLease.Persistence.Tests", "tests\PowerLease.Persistence.Tests\PowerLease.Persistence.Tests.csproj", "{36C94A9C-3430-4FAB-8B60-1C9651E465C7}"
EndProject
Project("{FAE04EC0-301F-11D3-BF4B-00C04F79EFBC}") = "PowerLease.IntegrationTests", "tests\PowerLease.IntegrationTests\PowerLease.IntegrationTests.csproj", "{F833A1B1-FE2F-4A0B-9712-669E73345911}"
EndProject
Global
	GlobalSection(SolutionConfigurationPlatforms) = preSolution
		Debug|Any CPU = Debug|Any CPU
		Release|Any CPU = Release|Any CPU
	EndGlobalSection
	GlobalSection(ProjectConfigurationPlatforms) = postSolution
		{A08FB6E3-9EC6-4BF1-BAE3-56A03D2F2471}.Debug|Any CPU.ActiveCfg = Debug|Any CPU
		{A08FB6E3-9EC6-4BF1-BAE3-56A03D2F2471}.Debug|Any CPU.Build.0 = Debug|Any CPU
		{A08FB6E3-9EC6-4BF1-BAE3-56A03D2F2471}.Release|Any CPU.ActiveCfg = Release|Any CPU
		{A08FB6E3-9EC6-4BF1-BAE3-56A03D2F2471}.Release|Any CPU.Build.0 = Release|Any CPU
		{07C3344B-BE55-4E8F-80E0-392DEB88C6DD}.Debug|Any CPU.ActiveCfg = Debug|Any CPU
		{07C3344B-BE55-4E8F-80E0-392DEB88C6DD}.Debug|Any CPU.Build.0 = Debug|Any CPU
		{07C3344B-BE55-4E8F-80E0-392DEB88C6DD}.Release|Any CPU.ActiveCfg = Release|Any CPU
		{07C3344B-BE55-4E8F-80E0-392DEB88C6DD}.Release|Any CPU.Build.0 = Release|Any CPU
		{7B5A1E0A-136A-4305-9FC6-9E4F8F48B39B}.Debug|Any CPU.ActiveCfg = Debug|Any CPU
		{7B5A1E0A-136A-4305-9FC6-9E4F8F48B39B}.Debug|Any CPU.Build.0 = Debug|Any CPU
		{7B5A1E0A-136A-4305-9FC6-9E4F8F48B39B}.Release|Any CPU.ActiveCfg = Release|Any CPU
		{7B5A1E0A-136A-4305-9FC6-9E4F8F48B39B}.Release|Any CPU.Build.0 = Release|Any CPU
		{32A70E0B-1DD6-48AB-9DEB-7CF3E3F1AEAC}.Debug|Any CPU.ActiveCfg = Debug|Any CPU
		{32A70E0B-1DD6-48AB-9DEB-7CF3E3F1AEAC}.Debug|Any CPU.Build.0 = Debug|Any CPU
		{32A70E0B-1DD6-48AB-9DEB-7CF3E3F1AEAC}.Release|Any CPU.ActiveCfg = Release|Any CPU
		{32A70E0B-1DD6-48AB-9DEB-7CF3E3F1AEAC}.Release|Any CPU.Build.0 = Release|Any CPU
		{D50BF5E4-E539-4840-8728-A1B88AF25C6A}.Debug|Any CPU.ActiveCfg = Debug|Any CPU
		{D50BF5E4-E539-4840-8728-A1B88AF25C6A}.Debug|Any CPU.Build.0 = Debug|Any CPU
		{D50BF5E4-E539-4840-8728-A1B88AF25C6A}.Release|Any CPU.ActiveCfg = Release|Any CPU
		{D50BF5E4-E539-4840-8728-A1B88AF25C6A}.Release|Any CPU.Build.0 = Release|Any CPU
		{CE8EB230-BFD0-486E-905C-E9BD1FBFD98E}.Debug|Any CPU.ActiveCfg = Debug|Any CPU
		{CE8EB230-BFD0-486E-905C-E9BD1FBFD98E}.Debug|Any CPU.Build.0 = Debug|Any CPU
		{CE8EB230-BFD0-486E-905C-E9BD1FBFD98E}.Release|Any CPU.ActiveCfg = Release|Any CPU
		{CE8EB230-BFD0-486E-905C-E9BD1FBFD98E}.Release|Any CPU.Build.0 = Release|Any CPU
		{0367F8D4-22FB-411B-A0A7-C46E677C3F3F}.Debug|Any CPU.ActiveCfg = Debug|Any CPU
		{0367F8D4-22FB-411B-A0A7-C46E677C3F3F}.Debug|Any CPU.Build.0 = Debug|Any CPU
		{0367F8D4-22FB-411B-A0A7-C46E677C3F3F}.Release|Any CPU.ActiveCfg = Release|Any CPU
		{0367F8D4-22FB-411B-A0A7-C46E677C3F3F}.Release|Any CPU.Build.0 = Release|Any CPU
		{110E47E6-3F20-47C5-B1D1-4C787000411C}.Debug|Any CPU.ActiveCfg = Debug|Any CPU
		{110E47E6-3F20-47C5-B1D1-4C787000411C}.Debug|Any CPU.Build.0 = Debug|Any CPU
		{110E47E6-3F20-47C5-B1D1-4C787000411C}.Release|Any CPU.ActiveCfg = Release|Any CPU
		{110E47E6-3F20-47C5-B1D1-4C787000411C}.Release|Any CPU.Build.0 = Release|Any CPU
		{B7C6457E-1ACB-445B-8276-C8DAC7444E10}.Debug|Any CPU.ActiveCfg = Debug|Any CPU
		{B7C6457E-1ACB-445B-8276-C8DAC7444E10}.Debug|Any CPU.Build.0 = Debug|Any CPU
		{B7C6457E-1ACB-445B-8276-C8DAC7444E10}.Release|Any CPU.ActiveCfg = Release|Any CPU
		{B7C6457E-1ACB-445B-8276-C8DAC7444E10}.Release|Any CPU.Build.0 = Release|Any CPU
		{36C94A9C-3430-4FAB-8B60-1C9651E465C7}.Debug|Any CPU.ActiveCfg = Debug|Any CPU
		{36C94A9C-3430-4FAB-8B60-1C9651E465C7}.Debug|Any CPU.Build.0 = Debug|Any CPU
		{36C94A9C-3430-4FAB-8B60-1C9651E465C7}.Release|Any CPU.ActiveCfg = Release|Any CPU
		{36C94A9C-3430-4FAB-8B60-1C9651E465C7}.Release|Any CPU.Build.0 = Release|Any CPU
		{F833A1B1-FE2F-4A0B-9712-669E73345911}.Debug|Any CPU.ActiveCfg = Debug|Any CPU
		{F833A1B1-FE2F-4A0B-9712-669E73345911}.Debug|Any CPU.Build.0 = Debug|Any CPU
		{F833A1B1-FE2F-4A0B-9712-669E73345911}.Release|Any CPU.ActiveCfg = Release|Any CPU
		{F833A1B1-FE2F-4A0B-9712-669E73345911}.Release|Any CPU.Build.0 = Release|Any CPU
	EndGlobalSection
	GlobalSection(SolutionProperties) = preSolution
		HideSolutionNode = FALSE
	EndGlobalSection
	GlobalSection(NestedProjects) = preSolution
		{A08FB6E3-9EC6-4BF1-BAE3-56A03D2F2471} = {80B819AB-09D7-48C2-850E-9581D19D7809}
		{07C3344B-BE55-4E8F-80E0-392DEB88C6DD} = {80B819AB-09D7-48C2-850E-9581D19D7809}
		{7B5A1E0A-136A-4305-9FC6-9E4F8F48B39B} = {80B819AB-09D7-48C2-850E-9581D19D7809}
		{32A70E0B-1DD6-48AB-9DEB-7CF3E3F1AEAC} = {80B819AB-09D7-48C2-850E-9581D19D7809}
		{D50BF5E4-E539-4840-8728-A1B88AF25C6A} = {80B819AB-09D7-48C2-850E-9581D19D7809}
		{CE8EB230-BFD0-486E-905C-E9BD1FBFD98E} = {80B819AB-09D7-48C2-850E-9581D19D7809}
		{0367F8D4-22FB-411B-A0A7-C46E677C3F3F} = {80B819AB-09D7-48C2-850E-9581D19D7809}
		{110E47E6-3F20-47C5-B1D1-4C787000411C} = {2375141B-CC0E-4312-857B-F68E2ED6E0E5}
		{B7C6457E-1ACB-445B-8276-C8DAC7444E10} = {2375141B-CC0E-4312-857B-F68E2ED6E0E5}
		{36C94A9C-3430-4FAB-8B60-1C9651E465C7} = {2375141B-CC0E-4312-857B-F68E2ED6E0E5}
		{F833A1B1-FE2F-4A0B-9712-669E73345911} = {2375141B-CC0E-4312-857B-F68E2ED6E0E5}
	EndGlobalSection
	GlobalSection(ExtensibilityGlobals) = postSolution
		SolutionGuid = {D2D72065-2682-40B9-9C50-8FDFF156AE45}
	EndGlobalSection
EndGlobal
